
Microsoft Visual Studio Solution File, Format Version 12.00
# Visual Studio Version 16
VisualStudioVersion = 25.0.1700.0
MinimumVisualStudioVersion = 10.0.40219.1
Project("{FAE04EC0-301F-11D3-BF4B-00C04F79EFBC}") = "HelloGit", "HelloGit.csproj", "{C7CE25E2-EBC0-4D2D-948E-CB46C9A94BEB}"
EndProject
Global
	GlobalSection(SolutionConfigurationPlatforms) = preSolution
		Debug|Any CPU = Debug|Any CPU
		Release|Any CPU = Release|Any CPU
	EndGlobalSection
	GlobalSection(ProjectConfigurationPlatforms) = postSolution
		{C7CE25E2-EBC0-4D2D-948E-CB46C9A94BEB}.Debug|Any CPU.ActiveCfg = Debug|Any CPU
		{C7CE25E2-EBC0-4D2D-948E-CB46C9A94BEB}.Debug|Any CPU.Build.0 = Debug|Any CPU
		{C7CE25E2-EBC0-4D2D-948E-CB46C9A94BEB}.Release|Any CPU.ActiveCfg = Release|Any CPU
		{C7CE25E2-EBC0-4D2D-948E-CB46C9A94BEB}.Release|Any CPU.Build.0 = Release|Any CPU
	EndGlobalSection
	GlobalSection(SolutionProperties) = preSolution
		HideSolutionNode = FALSE
	EndGlobalSection
	GlobalSection(ExtensibilityGlobals) = postSolution
		SolutionGuid = {157C1157-D753-49CE-A77A-1292A11D5A6C}
	EndGlobalSection
EndGlobal
